GEM
  remote: https://rubygems.org/
  specs:
    base64 (0.3.0)
    dotenv (2.8.1)
    ethon (0.15.0)
      ffi (>= 1.15.0)
    ffi (1.15.5)
    rubyzip (3.4.0)
    securerandom (0.2.0)
    smile-identity-core (3.0.0)
      base64 (~> 0.3)
      rubyzip (>= 3.4.0, < 4.0)
      typhoeus (~> 1.0, >= 1.0.1)
    typhoeus (1.4.0)
      ethon (>= 0.9.0)

PLATFORMS
  x86_64-darwin-20
  x86_64-linux

DEPENDENCIES
  dotenv
  securerandom
  smile-identity-core

BUNDLED WITH
   2.2.6
